
Microsoft Visual Studio Solution File, Format Version 12.00
# Visual Studio Version 16
VisualStudioVersion = 16.0.31410.357
MinimumVisualStudioVersion = 10.0.40219.1
Project("{FAE04EC0-301F-11D3-BF4B-00C04F79EFBC}") = "G3_PetOnlineShop", "G3_PetOnlineShop\G3_PetOnlineShop.csproj", "{D5B86742-F9DA-499F-96B2-3B6F2E6495BC}"
EndProject
Global
	GlobalSection(SolutionConfigurationPlatforms) = preSolution
		Debug|Any CPU = Debug|Any CPU
		Release|Any CPU = Release|Any CPU
	EndGlobalSection
	GlobalSection(ProjectConfigurationPlatforms) = postSolution
		{D5B86742-F9DA-499F-96B2-3B6F2E6495BC}.Debug|Any CPU.ActiveCfg = Debug|Any CPU
		{D5B86742-F9DA-499F-96B2-3B6F2E6495BC}.Debug|Any CPU.Build.0 = Debug|Any CPU
		{D5B86742-F9DA-499F-96B2-3B6F2E6495BC}.Release|Any CPU.ActiveCfg = Release|Any CPU
		{D5B86742-F9DA-499F-96B2-3B6F2E6495BC}.Release|Any CPU.Build.0 = Release|Any CPU
	EndGlobalSection
	GlobalSection(SolutionProperties) = preSolution
		HideSolutionNode = FALSE
	EndGlobalSection
	GlobalSection(ExtensibilityGlobals) = postSolution
		SolutionGuid = {EB2DC8BD-AF5B-4F27-9A67-E1CCDB039829}
	EndGlobalSection
EndGlobal
